
Microsoft Visual Studio Solution File, Format Version 12.00
# Visual Studio 15
VisualStudioVersion = 15.0.27703.2042
MinimumVisualStudioVersion = 10.0.40219.1
Project("{FAE04EC0-301F-11D3-BF4B-00C04F79EFBC}") = "BecaDotNet.Domain", "BecaDotNet.Domain\BecaDotNet.Domain.csproj", "{9C65FA95-0A47-4FFB-A18F-D7DBD4A84267}"
EndProject
Project("{FAE04EC0-301F-11D3-BF4B-00C04F79EFBC}") = "BecaDotNet.Repository", "BecaDotNet.Repository\BecaDotNet.Repository.csproj", "{7AA64213-EB89-475B-97A5-377E93C67852}"
EndProject
Project("{FAE04EC0-301F-11D3-BF4B-00C04F79EFBC}") = "BecaDotNet.Infrastructure", "BecaDotNet.Infrastructure\BecaDotNet.Infrastructure.csproj", "{0BB3A9EA-DEAD-40F4-9D8E-58E513DDE38C}"
EndProject
Project("{FAE04EC0-301F-11D3-BF4B-00C04F79EFBC}") = "BecaDotNet.ApplicationService", "BecaDotNet.ApplicationService\BecaDotNet.ApplicationService.csproj", "{53C5F8A8-6B16-46C9-A96A-8B1B8C0CD1A4}"
EndProject
Project("{2150E333-8FDC-42A3-9474-1A3956D46DE8}") = "Tests", "Tests", "{6C84B025-C2C5-41D5-9A06-C8F39339DBCE}"
EndProject
Project("{FAE04EC0-301F-11D3-BF4B-00C04F79EFBC}") = "BecaDotNet.RepositoryTests", "BecaDotNet.RepositoryTests\BecaDotNet.RepositoryTests.csproj", "{7D4CD422-CF51-4DB5-9266-DF54095AD0D9}"
EndProject
Project("{FAE04EC0-301F-11D3-BF4B-00C04F79EFBC}") = "BecaDotNet.UI.WebForms", "BecaDotNet.UI.WebForms\BecaDotNet.UI.WebForms.csproj", "{C9859951-C94D-419F-8012-5D4C281120B5}"
EndProject
Project("{FAE04EC0-301F-11D3-BF4B-00C04F79EFBC}") = "BecaDotNet.ApplicationServiceTests", "BecaDotNet.ApplicationServiceTests\BecaDotNet.ApplicationServiceTests.csproj", "{DF910FB6-7C79-491E-8181-1D457F2C089D}"
EndProject
Project("{FAE04EC0-301F-11D3-BF4B-00C04F79EFBC}") = "BecaDotNet.CrossCutting", "BecaDotNet.CrossCutting\BecaDotNet.CrossCutting.csproj", "{ED0F7CA9-3B43-407E-A64D-175753E174F2}"
EndProject
Project("{FAE04EC0-301F-11D3-BF4B-00C04F79EFBC}") = "BecaDotNet.UI.MVC.RazorView", "BecaDotNet.UI.MVC.RazorView\BecaDotNet.UI.MVC.RazorView.csproj", "{0643B37D-3166-48B9-9CF8-863B8035FD53}"
EndProject
Global
	GlobalSection(SolutionConfigurationPlatforms) = preSolution
		Debug|Any CPU = Debug|Any CPU
		Release|Any CPU = Release|Any CPU
	EndGlobalSection
	GlobalSection(ProjectConfigurationPlatforms) = postSolution
		{9C65FA95-0A47-4FFB-A18F-D7DBD4A84267}.Debug|Any CPU.ActiveCfg = Debug|Any CPU
		{9C65FA95-0A47-4FFB-A18F-D7DBD4A84267}.Debug|Any CPU.Build.0 = Debug|Any CPU
		{9C65FA95-0A47-4FFB-A18F-D7DBD4A84267}.Release|Any CPU.ActiveCfg = Release|Any CPU
		{9C65FA95-0A47-4FFB-A18F-D7DBD4A84267}.Release|Any CPU.Build.0 = Release|Any CPU
		{7AA64213-EB89-475B-97A5-377E93C67852}.Debug|Any CPU.ActiveCfg = Debug|Any CPU
		{7AA64213-EB89-475B-97A5-377E93C67852}.Debug|Any CPU.Build.0 = Debug|Any CPU
		{7AA64213-EB89-475B-97A5-377E93C67852}.Release|Any CPU.ActiveCfg = Release|Any CPU
		{7AA64213-EB89-475B-97A5-377E93C67852}.Release|Any CPU.Build.0 = Release|Any CPU
		{0BB3A9EA-DEAD-40F4-9D8E-58E513DDE38C}.Debug|Any CPU.ActiveCfg = Debug|Any CPU
		{0BB3A9EA-DEAD-40F4-9D8E-58E513DDE38C}.Debug|Any CPU.Build.0 = Debug|Any CPU
		{0BB3A9EA-DEAD-40F4-9D8E-58E513DDE38C}.Release|Any CPU.ActiveCfg = Release|Any CPU
		{0BB3A9EA-DEAD-40F4-9D8E-58E513DDE38C}.Release|Any CPU.Build.0 = Release|Any CPU
		{53C5F8A8-6B16-46C9-A96A-8B1B8C0CD1A4}.Debug|Any CPU.ActiveCfg = Debug|Any CPU
		{53C5F8A8-6B16-46C9-A96A-8B1B8C0CD1A4}.Debug|Any CPU.Build.0 = Debug|Any CPU
		{53C5F8A8-6B16-46C9-A96A-8B1B8C0CD1A4}.Release|Any CPU.ActiveCfg = Release|Any CPU
		{53C5F8A8-6B16-46C9-A96A-8B1B8C0CD1A4}.Release|Any CPU.Build.0 = Release|Any CPU
		{7D4CD422-CF51-4DB5-9266-DF54095AD0D9}.Debug|Any CPU.ActiveCfg = Debug|Any CPU
		{7D4CD422-CF51-4DB5-9266-DF54095AD0D9}.Debug|Any CPU.Build.0 = Debug|Any CPU
		{7D4CD422-CF51-4DB5-9266-DF54095AD0D9}.Release|Any CPU.ActiveCfg = Release|Any CPU
		{7D4CD422-CF51-4DB5-9266-DF54095AD0D9}.Release|Any CPU.Build.0 = Release|Any CPU
		{C9859951-C94D-419F-8012-5D4C281120B5}.Debug|Any CPU.ActiveCfg = Debug|Any CPU
		{C9859951-C94D-419F-8012-5D4C281120B5}.Debug|Any CPU.Build.0 = Debug|Any CPU
		{C9859951-C94D-419F-8012-5D4C281120B5}.Release|Any CPU.ActiveCfg = Release|Any CPU
		{C9859951-C94D-419F-8012-5D4C281120B5}.Release|Any CPU.Build.0 = Release|Any CPU
		{DF910FB6-7C79-491E-8181-1D457F2C089D}.Debug|Any CPU.ActiveCfg = Debug|Any CPU
		{DF910FB6-7C79-491E-8181-1D457F2C089D}.Debug|Any CPU.Build.0 = Debug|Any CPU
		{DF910FB6-7C79-491E-8181-1D457F2C089D}.Release|Any CPU.ActiveCfg = Release|Any CPU
		{DF910FB6-7C79-491E-8181-1D457F2C089D}.Release|Any CPU.Build.0 = Release|Any CPU
		{ED0F7CA9-3B43-407E-A64D-175753E174F2}.Debug|Any CPU.ActiveCfg = Debug|Any CPU
		{ED0F7CA9-3B43-407E-A64D-175753E174F2}.Debug|Any CPU.Build.0 = Debug|Any CPU
		{ED0F7CA9-3B43-407E-A64D-175753E174F2}.Release|Any CPU.ActiveCfg = Release|Any CPU
		{ED0F7CA9-3B43-407E-A64D-175753E174F2}.Release|Any CPU.Build.0 = Release|Any CPU
		{0643B37D-3166-48B9-9CF8-863B8035FD53}.Debug|Any CPU.ActiveCfg = Debug|Any CPU
		{0643B37D-3166-48B9-9CF8-863B8035FD53}.Debug|Any CPU.Build.0 = Debug|Any CPU
		{0643B37D-3166-48B9-9CF8-863B8035FD53}.Release|Any CPU.ActiveCfg = Release|Any CPU
		{0643B37D-3166-48B9-9CF8-863B8035FD53}.Release|Any CPU.Build.0 = Release|Any CPU
	EndGlobalSection
	GlobalSection(SolutionProperties) = preSolution
		HideSolutionNode = FALSE
	EndGlobalSection
	GlobalSection(NestedProjects) = preSolution
		{7D4CD422-CF51-4DB5-9266-DF54095AD0D9} = {6C84B025-C2C5-41D5-9A06-C8F39339DBCE}
		{DF910FB6-7C79-491E-8181-1D457F2C089D} = {6C84B025-C2C5-41D5-9A06-C8F39339DBCE}
	EndGlobalSection
	GlobalSection(ExtensibilityGlobals) = postSolution
		SolutionGuid = {52959D31-EB13-4D73-96D5-3D183FDB9634}
	EndGlobalSection
EndGlobal
